// !$*UTF8*$!
{
	archiveVersion = 1;
	classes = {
	};
	objectVersion = 46;
	objects = {

/* Begin PBXBuildFile section */
		D20F733D19DB544000892A21 /* agent.cpp in Sources */ = {isa = PBXBuildFile; fileRef = D20F733C19DB544000892A21 /* agent.cpp */; };
		D21E3C2419F1F0A400A4B1E5 /* alphabeta.cpp in Sources */ = {isa = PBXBuildFile; fileRef = D21E3C2219F1F0A400A4B1E5 /* alphabeta.cpp */; };
		D21E3C2719F1F0BF00A4B1E5 /* greedy.cpp in Sources */ = {isa = PBXBuildFile; fileRef = D21E3C2519F1F0BF00A4B1E5 /* greedy.cpp */; };
		D21E3C2A19F1F0D800A4B1E5 /* competition.cpp in Sources */ = {isa = PBXBuildFile; fileRef = D21E3C2819F1F0D800A4B1E5 /* competition.cpp */; };
		D21E3C2D19F1F0FE00A4B1E5 /* minimax.cpp in Sources */ = {isa = PBXBuildFile; fileRef = D21E3C2B19F1F0FE00A4B1E5 /* minimax.cpp */; };
		D21E3C3019F1F11000A4B1E5 /* utilities.cpp in Sources */ = {isa = PBXBuildFile; fileRef = D21E3C2E19F1F11000A4B1E5 /* utilities.cpp */; };
/* End PBXBuildFile section */

/* Begin PBXCopyFilesBuildPhase section */
		D20F733719DB544000892A21 /* CopyFiles */ = {
			isa = PBXCopyFilesBuildPhase;
			buildActionMask = 2147483647;
			dstPath = /usr/share/man/man1/;
			dstSubfolderSpec = 0;
			files = (
			);
			runOnlyForDeploymentPostprocessing = 1;
		};
/* End PBXCopyFilesBuildPhase section */

/* Begin PBXFileReference section */
		D20F733919DB544000892A21 /* agent */ = {isa = PBXFileReference; explicitFileType = "compiled.mach-o.executable"; includeInIndex = 0; path = agent; sourceTree = BUILT_PRODUCTS_DIR; };
		D20F733C19DB544000892A21 /* agent.cpp */ = {isa = PBXFileReference; lastKnownFileType = sourcecode.cpp.cpp; path = agent.cpp; sourceTree = "<group>"; };
		D21E3C2219F1F0A400A4B1E5 /* alphabeta.cpp */ = {isa = PBXFileReference; fileEncoding = 4; lastKnownFileType = sourcecode.cpp.cpp; path = alphabeta.cpp; sourceTree = "<group>"; };
		D21E3C2319F1F0A400A4B1E5 /* alphabeta.h */ = {isa = PBXFileReference; fileEncoding = 4; lastKnownFileType = sourcecode.c.h; path = alphabeta.h; sourceTree = "<group>"; };
		D21E3C2519F1F0BF00A4B1E5 /* greedy.cpp */ = {isa = PBXFileReference; fileEncoding = 4; lastKnownFileType = sourcecode.cpp.cpp; path = greedy.cpp; sourceTree = "<group>"; };
		D21E3C2619F1F0BF00A4B1E5 /* greedy.h */ = {isa = PBXFileReference; fileEncoding = 4; lastKnownFileType = sourcecode.c.h; path = greedy.h; sourceTree = "<group>"; };
		D21E3C2819F1F0D800A4B1E5 /* competition.cpp */ = {isa = PBXFileReference; fileEncoding = 4; lastKnownFileType = sourcecode.cpp.cpp; path = competition.cpp; sourceTree = "<group>"; };
		D21E3C2919F1F0D800A4B1E5 /* competition.h */ = {isa = PBXFileReference; fileEncoding = 4; lastKnownFileType = sourcecode.c.h; path = competition.h; sourceTree = "<group>"; };
		D21E3C2B19F1F0FE00A4B1E5 /* minimax.cpp */ = {isa = PBXFileReference; fileEncoding = 4; lastKnownFileType = sourcecode.cpp.cpp; path = minimax.cpp; sourceTree = "<group>"; };
		D21E3C2C19F1F0FE00A4B1E5 /* minimax.h */ = {isa = PBXFileReference; fileEncoding = 4; lastKnownFileType = sourcecode.c.h; path = minimax.h; sourceTree = "<group>"; };
		D21E3C2E19F1F11000A4B1E5 /* utilities.cpp */ = {isa = PBXFileReference; fileEncoding = 4; lastKnownFileType = sourcecode.cpp.cpp; path = utilities.cpp; sourceTree = "<group>"; };
		D21E3C2F19F1F11000A4B1E5 /* utilities.h */ = {isa = PBXFileReference; fileEncoding = 4; lastKnownFileType = sourcecode.c.h; path = utilities.h; sourceTree = "<group>"; };
/* End PBXFileReference section */

/* Begin PBXFrameworksBuildPhase section */
		D20F733619DB544000892A21 /* Frameworks */ = {
			isa = PBXFrameworksBuildPhase;
			buildActionMask = 2147483647;
			files = (
			);
			runOnlyForDeploymentPostprocessing = 0;
		};
/* End PBXFrameworksBuildPhase section */

/* Begin PBXGroup section */
		D20F733019DB544000892A21 = {
			isa = PBXGroup;
			children = (
				D20F733B19DB544000892A21 /* agent */,
				D20F733A19DB544000892A21 /* Products */,
			);
			sourceTree = "<group>";
		};
		D20F733A19DB544000892A21 /* Products */ = {
			isa = PBXGroup;
			children = (
				D20F733919DB544000892A21 /* agent */,
			);
			name = Products;
			sourceTree = "<group>";
		};
		D20F733B19DB544000892A21 /* agent */ = {
			isa = PBXGroup;
			children = (
				D21E3C3219F1F86000A4B1E5 /* include */,
				D21E3C3119F1F84F00A4B1E5 /* src */,
			);
			path = agent;
			sourceTree = "<group>";
		};
		D21E3C3119F1F84F00A4B1E5 /* src */ = {
			isa = PBXGroup;
			children = (
				D20F733C19DB544000892A21 /* agent.cpp */,
				D21E3C2519F1F0BF00A4B1E5 /* greedy.cpp */,
				D21E3C2219F1F0A400A4B1E5 /* alphabeta.cpp */,
				D21E3C2819F1F0D800A4B1E5 /* competition.cpp */,
				D21E3C2B19F1F0FE00A4B1E5 /* minimax.cpp */,
				D21E3C2E19F1F11000A4B1E5 /* utilities.cpp */,
			);
			name = src;
			sourceTree = "<group>";
		};
		D21E3C3219F1F86000A4B1E5 /* include */ = {
			isa = PBXGroup;
			children = (
				D21E3C2619F1F0BF00A4B1E5 /* greedy.h */,
				D21E3C2C19F1F0FE00A4B1E5 /* minimax.h */,
				D21E3C2919F1F0D800A4B1E5 /* competition.h */,
				D21E3C2319F1F0A400A4B1E5 /* alphabeta.h */,
				D21E3C2F19F1F11000A4B1E5 /* utilities.h */,
			);
			name = include;
			sourceTree = "<group>";
		};
/* End PBXGroup section */

/* Begin PBXNativeTarget section */
		D20F733819DB544000892A21 /* agent */ = {
			isa = PBXNativeTarget;
			buildConfigurationList = D20F734019DB544000892A21 /* Build configuration list for PBXNativeTarget "agent" */;
			buildPhases = (
				D20F733519DB544000892A21 /* Sources */,
				D20F733619DB544000892A21 /* Frameworks */,
				D20F733719DB544000892A21 /* CopyFiles */,
			);
			buildRules = (
			);
			dependencies = (
			);
			name = agent;
			productName = agent;
			productReference = D20F733919DB544000892A21 /* agent */;
			productType = "com.apple.product-type.tool";
		};
/* End PBXNativeTarget section */

/* Begin PBXProject section */
		D20F733119DB544000892A21 /* Project object */ = {
			isa = PBXProject;
			attributes = {
				LastUpgradeCheck = 0600;
				ORGANIZATIONNAME = USC;
				TargetAttributes = {
					D20F733819DB544000892A21 = {
						CreatedOnToolsVersion = 6.0.1;
					};
				};
			};
			buildConfigurationList = D20F733419DB544000892A21 /* Build configuration list for PBXProject "agent" */;
			compatibilityVersion = "Xcode 3.2";
			developmentRegion = English;
			hasScannedForEncodings = 0;
			knownRegions = (
				en,
			);
			mainGroup = D20F733019DB544000892A21;
			productRefGroup = D20F733A19DB544000892A21 /* Products */;
			projectDirPath = "";
			projectRoot = "";
			targets = (
				D20F733819DB544000892A21 /* agent */,
			);
		};
/* End PBXProject section */

/* Begin PBXSourcesBuildPhase section */
		D20F733519DB544000892A21 /* Sources */ = {
			isa = PBXSourcesBuildPhase;
			buildActionMask = 2147483647;
			files = (
				D21E3C3019F1F11000A4B1E5 /* utilities.cpp in Sources */,
				D21E3C2719F1F0BF00A4B1E5 /* greedy.cpp in Sources */,
				D21E3C2419F1F0A400A4B1E5 /* alphabeta.cpp in Sources */,
				D21E3C2D19F1F0FE00A4B1E5 /* minimax.cpp in Sources */,
				D20F733D19DB544000892A21 /* agent.cpp in Sources */,
				D21E3C2A19F1F0D800A4B1E5 /* competition.cpp in Sources */,
			);
			runOnlyForDeploymentPostprocessing = 0;
		};
/* End PBXSourcesBuildPhase section */

/* Begin XCBuildConfiguration section */
		D20F733E19DB544000892A21 /* Debug */ = {
			isa = XCBuildConfiguration;
			buildSettings = {
				ALWAYS_SEARCH_USER_PATHS = NO;
				CLANG_CXX_LANGUAGE_STANDARD = "gnu++0x";
				CLANG_CXX_LIBRARY = "libc++";
				CLANG_ENABLE_MODULES = YES;
				CLANG_ENABLE_OBJC_ARC = YES;
				CLANG_WARN_BOOL_CONVERSION = YES;
				CLANG_WARN_CONSTANT_CONVERSION = YES;
				CLANG_WARN_DIRECT_OBJC_ISA_USAGE = YES_ERROR;
				CLANG_WARN_EMPTY_BODY = YES;
				CLANG_WARN_ENUM_CONVERSION = YES;
				CLANG_WARN_INT_CONVERSION = YES;
				CLANG_WARN_OBJC_ROOT_CLASS = YES_ERROR;
				CLANG_WARN_UNREACHABLE_CODE = YES;
				CLANG_WARN__DUPLICATE_METHOD_MATCH = YES;
				COPY_PHASE_STRIP = NO;
				ENABLE_STRICT_OBJC_MSGSEND = YES;
				GCC_C_LANGUAGE_STANDARD = gnu99;
				GCC_DYNAMIC_NO_PIC = NO;
				GCC_OPTIMIZATION_LEVEL = 0;
				GCC_PREPROCESSOR_DEFINITIONS = (
					"DEBUG=1",
					"$(inherited)",
				);
				GCC_SYMBOLS_PRIVATE_EXTERN = NO;
				GCC_WARN_64_TO_32_BIT_CONVERSION = YES;
				GCC_WARN_ABOUT_RETURN_TYPE = YES_ERROR;
				GCC_WARN_UNDECLARED_SELECTOR = YES;
				GCC_WARN_UNINITIALIZED_AUTOS = YES_AGGRESSIVE;
				GCC_WARN_UNUSED_FUNCTION = YES;
				GCC_WARN_UNUSED_VARIABLE = YES;
				MACOSX_DEPLOYMENT_TARGET = 10.9;
				MTL_ENABLE_DEBUG_INFO = YES;
				ONLY_ACTIVE_ARCH = YES;
				SDKROOT = macosx;
			};
			name = Debug;
		};
		D20F733F19DB544000892A21 /* Release */ = {
			isa = XCBuildConfiguration;
			buildSettings = {
				ALWAYS_SEARCH_USER_PATHS = NO;
				CLANG_CXX_LANGUAGE_STANDARD = "gnu++0x";
				CLANG_CXX_LIBRARY = "libc++";
				CLANG_ENABLE_MODULES = YES;
				CLANG_ENABLE_OBJC_ARC = YES;
				CLANG_WARN_BOOL_CONVERSION = YES;
				CLANG_WARN_CONSTANT_CONVERSION = YES;
				CLANG_WARN_DIRECT_OBJC_ISA_USAGE = YES_ERROR;
				CLANG_WARN_EMPTY_BODY = YES;
				CLANG_WARN_ENUM_CONVERSION = YES;
				CLANG_WARN_INT_CONVERSION = YES;
				CLANG_WARN_OBJC_ROOT_CLASS = YES_ERROR;
				CLANG_WARN_UNREACHABLE_CODE = YES;
				CLANG_WARN__DUPLICATE_METHOD_MATCH = YES;
				COPY_PHASE_STRIP = YES;
				DEBUG_INFORMATION_FORMAT = "dwarf-with-dsym";
				ENABLE_NS_ASSERTIONS = NO;
				ENABLE_STRICT_OBJC_MSGSEND = YES;
				GCC_C_LANGUAGE_STANDARD = gnu99;
				GCC_WARN_64_TO_32_BIT_CONVERSION = YES;
				GCC_WARN_ABOUT_RETURN_TYPE = YES_ERROR;
				GCC_WARN_UNDECLARED_SELECTOR = YES;
				GCC_WARN_UNINITIALIZED_AUTOS = YES_AGGRESSIVE;
				GCC_WARN_UNUSED_FUNCTION = YES;
				GCC_WARN_UNUSED_VARIABLE = YES;
				MACOSX_DEPLOYMENT_TARGET = 10.9;
				MTL_ENABLE_DEBUG_INFO = NO;
				SDKROOT = macosx;
			};
			name = Release;
		};
		D20F734119DB544000892A21 /* Debug */ = {
			isa = XCBuildConfiguration;
			buildSettings = {
				PRODUCT_NAME = "$(TARGET_NAME)";
			};
			name = Debug;
		};
		D20F734219DB544000892A21 /* Release */ = {
			isa = XCBuildConfiguration;
			buildSettings = {
				PRODUCT_NAME = "$(TARGET_NAME)";
			};
			name = Release;
		};
/* End XCBuildConfiguration section */

/* Begin XCConfigurationList section */
		D20F733419DB544000892A21 /* Build configuration list for PBXProject "agent" */ = {
			isa = XCConfigurationList;
			buildConfigurations = (
				D20F733E19DB544000892A21 /* Debug */,
				D20F733F19DB544000892A21 /* Release */,
			);
			defaultConfigurationIsVisible = 0;
			defaultConfigurationName = Release;
		};
		D20F734019DB544000892A21 /* Build configuration list for PBXNativeTarget "agent" */ = {
			isa = XCConfigurationList;
			buildConfigurations = (
				D20F734119DB544000892A21 /* Debug */,
				D20F734219DB544000892A21 /* Release */,
			);
			defaultConfigurationIsVisible = 0;
			defaultConfigurationName = Release;
		};
/* End XCConfigurationList section */
	};
	rootObject = D20F733119DB544000892A21 /* Project object */;
}
