// !$*UTF8*$!
{
	archiveVersion = 1;
	classes = {
	};
	objectVersion = 46;
	objects = {

/* Begin PBXBuildFile section */
		D2C93CC91A219F8100DA2E1B /* agent.cpp in Sources */ = {isa = PBXBuildFile; fileRef = D2C93CC21A219F8100DA2E1B /* agent.cpp */; };
		D2C93CCA1A219F8100DA2E1B /* chaining.cpp in Sources */ = {isa = PBXBuildFile; fileRef = D2C93CC31A219F8100DA2E1B /* chaining.cpp */; };
		D2C93CCB1A219F8100DA2E1B /* expr.cpp in Sources */ = {isa = PBXBuildFile; fileRef = D2C93CC51A219F8100DA2E1B /* expr.cpp */; };
		D2C93CCC1A219F8100DA2E1B /* utilities.cpp in Sources */ = {isa = PBXBuildFile; fileRef = D2C93CC71A219F8100DA2E1B /* utilities.cpp */; };
/* End PBXBuildFile section */

/* Begin PBXCopyFilesBuildPhase section */
		D2C93CB61A219F3B00DA2E1B /* CopyFiles */ = {
			isa = PBXCopyFilesBuildPhase;
			buildActionMask = 2147483647;
			dstPath = /usr/share/man/man1/;
			dstSubfolderSpec = 0;
			files = (
			);
			runOnlyForDeploymentPostprocessing = 1;
		};
/* End PBXCopyFilesBuildPhase section */

/* Begin PBXFileReference section */
		D2C93CB81A219F3B00DA2E1B /* agent */ = {isa = PBXFileReference; explicitFileType = "compiled.mach-o.executable"; includeInIndex = 0; path = agent; sourceTree = BUILT_PRODUCTS_DIR; };
		D2C93CC21A219F8100DA2E1B /* agent.cpp */ = {isa = PBXFileReference; fileEncoding = 4; lastKnownFileType = sourcecode.cpp.cpp; path = agent.cpp; sourceTree = "<group>"; };
		D2C93CC31A219F8100DA2E1B /* chaining.cpp */ = {isa = PBXFileReference; fileEncoding = 4; lastKnownFileType = sourcecode.cpp.cpp; path = chaining.cpp; sourceTree = "<group>"; };
		D2C93CC41A219F8100DA2E1B /* chaining.h */ = {isa = PBXFileReference; fileEncoding = 4; lastKnownFileType = sourcecode.c.h; path = chaining.h; sourceTree = "<group>"; };
		D2C93CC51A219F8100DA2E1B /* expr.cpp */ = {isa = PBXFileReference; fileEncoding = 4; lastKnownFileType = sourcecode.cpp.cpp; path = expr.cpp; sourceTree = "<group>"; };
		D2C93CC61A219F8100DA2E1B /* expr.h */ = {isa = PBXFileReference; fileEncoding = 4; lastKnownFileType = sourcecode.c.h; path = expr.h; sourceTree = "<group>"; };
		D2C93CC71A219F8100DA2E1B /* utilities.cpp */ = {isa = PBXFileReference; fileEncoding = 4; lastKnownFileType = sourcecode.cpp.cpp; path = utilities.cpp; sourceTree = "<group>"; };
		D2C93CC81A219F8100DA2E1B /* utilities.h */ = {isa = PBXFileReference; fileEncoding = 4; lastKnownFileType = sourcecode.c.h; path = utilities.h; sourceTree = "<group>"; };
/* End PBXFileReference section */

/* Begin PBXFrameworksBuildPhase section */
		D2C93CB51A219F3B00DA2E1B /* Frameworks */ = {
			isa = PBXFrameworksBuildPhase;
			buildActionMask = 2147483647;
			files = (
			);
			runOnlyForDeploymentPostprocessing = 0;
		};
/* End PBXFrameworksBuildPhase section */

/* Begin PBXGroup section */
		D2C93CAF1A219F3B00DA2E1B = {
			isa = PBXGroup;
			children = (
				D2C93CBA1A219F3B00DA2E1B /* agent */,
				D2C93CB91A219F3B00DA2E1B /* Products */,
			);
			sourceTree = "<group>";
		};
		D2C93CB91A219F3B00DA2E1B /* Products */ = {
			isa = PBXGroup;
			children = (
				D2C93CB81A219F3B00DA2E1B /* agent */,
			);
			name = Products;
			sourceTree = "<group>";
		};
		D2C93CBA1A219F3B00DA2E1B /* agent */ = {
			isa = PBXGroup;
			children = (
				D2C93CC21A219F8100DA2E1B /* agent.cpp */,
				D2C93CC31A219F8100DA2E1B /* chaining.cpp */,
				D2C93CC41A219F8100DA2E1B /* chaining.h */,
				D2C93CC51A219F8100DA2E1B /* expr.cpp */,
				D2C93CC61A219F8100DA2E1B /* expr.h */,
				D2C93CC71A219F8100DA2E1B /* utilities.cpp */,
				D2C93CC81A219F8100DA2E1B /* utilities.h */,
			);
			path = agent;
			sourceTree = "<group>";
		};
/* End PBXGroup section */

/* Begin PBXNativeTarget section */
		D2C93CB71A219F3B00DA2E1B /* agent */ = {
			isa = PBXNativeTarget;
			buildConfigurationList = D2C93CBF1A219F3B00DA2E1B /* Build configuration list for PBXNativeTarget "agent" */;
			buildPhases = (
				D2C93CB41A219F3B00DA2E1B /* Sources */,
				D2C93CB51A219F3B00DA2E1B /* Frameworks */,
				D2C93CB61A219F3B00DA2E1B /* CopyFiles */,
			);
			buildRules = (
			);
			dependencies = (
			);
			name = agent;
			productName = agent;
			productReference = D2C93CB81A219F3B00DA2E1B /* agent */;
			productType = "com.apple.product-type.tool";
		};
/* End PBXNativeTarget section */

/* Begin PBXProject section */
		D2C93CB01A219F3B00DA2E1B /* Project object */ = {
			isa = PBXProject;
			attributes = {
				LastUpgradeCheck = 0610;
				ORGANIZATIONNAME = USC;
				TargetAttributes = {
					D2C93CB71A219F3B00DA2E1B = {
						CreatedOnToolsVersion = 6.1;
					};
				};
			};
			buildConfigurationList = D2C93CB31A219F3B00DA2E1B /* Build configuration list for PBXProject "agent" */;
			compatibilityVersion = "Xcode 3.2";
			developmentRegion = English;
			hasScannedForEncodings = 0;
			knownRegions = (
				en,
			);
			mainGroup = D2C93CAF1A219F3B00DA2E1B;
			productRefGroup = D2C93CB91A219F3B00DA2E1B /* Products */;
			projectDirPath = "";
			projectRoot = "";
			targets = (
				D2C93CB71A219F3B00DA2E1B /* agent */,
			);
		};
/* End PBXProject section */

/* Begin PBXSourcesBuildPhase section */
		D2C93CB41A219F3B00DA2E1B /* Sources */ = {
			isa = PBXSourcesBuildPhase;
			buildActionMask = 2147483647;
			files = (
				D2C93CCA1A219F8100DA2E1B /* chaining.cpp in Sources */,
				D2C93CC91A219F8100DA2E1B /* agent.cpp in Sources */,
				D2C93CCC1A219F8100DA2E1B /* utilities.cpp in Sources */,
				D2C93CCB1A219F8100DA2E1B /* expr.cpp in Sources */,
			);
			runOnlyForDeploymentPostprocessing = 0;
		};
/* End PBXSourcesBuildPhase section */

/* Begin XCBuildConfiguration section */
		D2C93CBD1A219F3B00DA2E1B /* Debug */ = {
			isa = XCBuildConfiguration;
			buildSettings = {
				ALWAYS_SEARCH_USER_PATHS = NO;
				CLANG_CXX_LANGUAGE_STANDARD = "gnu++0x";
				CLANG_CXX_LIBRARY = "libc++";
				CLANG_ENABLE_MODULES = YES;
				CLANG_ENABLE_OBJC_ARC = YES;
				CLANG_WARN_BOOL_CONVERSION = YES;
				CLANG_WARN_CONSTANT_CONVERSION = YES;
				CLANG_WARN_DIRECT_OBJC_ISA_USAGE = YES_ERROR;
				CLANG_WARN_EMPTY_BODY = YES;
				CLANG_WARN_ENUM_CONVERSION = YES;
				CLANG_WARN_INT_CONVERSION = YES;
				CLANG_WARN_OBJC_ROOT_CLASS = YES_ERROR;
				CLANG_WARN_UNREACHABLE_CODE = YES;
				CLANG_WARN__DUPLICATE_METHOD_MATCH = YES;
				COPY_PHASE_STRIP = NO;
				ENABLE_STRICT_OBJC_MSGSEND = YES;
				GCC_C_LANGUAGE_STANDARD = gnu99;
				GCC_DYNAMIC_NO_PIC = NO;
				GCC_OPTIMIZATION_LEVEL = 0;
				GCC_PREPROCESSOR_DEFINITIONS = (
					"DEBUG=1",
					"$(inherited)",
				);
				GCC_SYMBOLS_PRIVATE_EXTERN = NO;
				GCC_WARN_64_TO_32_BIT_CONVERSION = YES;
				GCC_WARN_ABOUT_RETURN_TYPE = YES_ERROR;
				GCC_WARN_UNDECLARED_SELECTOR = YES;
				GCC_WARN_UNINITIALIZED_AUTOS = YES_AGGRESSIVE;
				GCC_WARN_UNUSED_FUNCTION = YES;
				GCC_WARN_UNUSED_VARIABLE = YES;
				MACOSX_DEPLOYMENT_TARGET = 10.9;
				MTL_ENABLE_DEBUG_INFO = YES;
				ONLY_ACTIVE_ARCH = YES;
				SDKROOT = macosx;
			};
			name = Debug;
		};
		D2C93CBE1A219F3B00DA2E1B /* Release */ = {
			isa = XCBuildConfiguration;
			buildSettings = {
				ALWAYS_SEARCH_USER_PATHS = NO;
				CLANG_CXX_LANGUAGE_STANDARD = "gnu++0x";
				CLANG_CXX_LIBRARY = "libc++";
				CLANG_ENABLE_MODULES = YES;
				CLANG_ENABLE_OBJC_ARC = YES;
				CLANG_WARN_BOOL_CONVERSION = YES;
				CLANG_WARN_CONSTANT_CONVERSION = YES;
				CLANG_WARN_DIRECT_OBJC_ISA_USAGE = YES_ERROR;
				CLANG_WARN_EMPTY_BODY = YES;
				CLANG_WARN_ENUM_CONVERSION = YES;
				CLANG_WARN_INT_CONVERSION = YES;
				CLANG_WARN_OBJC_ROOT_CLASS = YES_ERROR;
				CLANG_WARN_UNREACHABLE_CODE = YES;
				CLANG_WARN__DUPLICATE_METHOD_MATCH = YES;
				COPY_PHASE_STRIP = YES;
				DEBUG_INFORMATION_FORMAT = "dwarf-with-dsym";
				ENABLE_NS_ASSERTIONS = NO;
				ENABLE_STRICT_OBJC_MSGSEND = YES;
				GCC_C_LANGUAGE_STANDARD = gnu99;
				GCC_WARN_64_TO_32_BIT_CONVERSION = YES;
				GCC_WARN_ABOUT_RETURN_TYPE = YES_ERROR;
				GCC_WARN_UNDECLARED_SELECTOR = YES;
				GCC_WARN_UNINITIALIZED_AUTOS = YES_AGGRESSIVE;
				GCC_WARN_UNUSED_FUNCTION = YES;
				GCC_WARN_UNUSED_VARIABLE = YES;
				MACOSX_DEPLOYMENT_TARGET = 10.9;
				MTL_ENABLE_DEBUG_INFO = NO;
				SDKROOT = macosx;
			};
			name = Release;
		};
		D2C93CC01A219F3B00DA2E1B /* Debug */ = {
			isa = XCBuildConfiguration;
			buildSettings = {
				PRODUCT_NAME = "$(TARGET_NAME)";
			};
			name = Debug;
		};
		D2C93CC11A219F3B00DA2E1B /* Release */ = {
			isa = XCBuildConfiguration;
			buildSettings = {
				PRODUCT_NAME = "$(TARGET_NAME)";
			};
			name = Release;
		};
/* End XCBuildConfiguration section */

/* Begin XCConfigurationList section */
		D2C93CB31A219F3B00DA2E1B /* Build configuration list for PBXProject "agent" */ = {
			isa = XCConfigurationList;
			buildConfigurations = (
				D2C93CBD1A219F3B00DA2E1B /* Debug */,
				D2C93CBE1A219F3B00DA2E1B /* Release */,
			);
			defaultConfigurationIsVisible = 0;
			defaultConfigurationName = Release;
		};
		D2C93CBF1A219F3B00DA2E1B /* Build configuration list for PBXNativeTarget "agent" */ = {
			isa = XCConfigurationList;
			buildConfigurations = (
				D2C93CC01A219F3B00DA2E1B /* Debug */,
				D2C93CC11A219F3B00DA2E1B /* Release */,
			);
			defaultConfigurationIsVisible = 0;
		};
/* End XCConfigurationList section */
	};
	rootObject = D2C93CB01A219F3B00DA2E1B /* Project object */;
}
